
Microsoft Visual Studio Solution File, Format Version 12.00
# Visual Studio Version 16
VisualStudioVersion = 16.0.30509.190
MinimumVisualStudioVersion = 10.0.40219.1
Project("{FAE04EC0-301F-11D3-BF4B-00C04F79EFBC}") = "KlippyNet", "KlippyNet\KlippyNet.csproj", "{DEDC21E4-A21F-445E-BA01-9036BF854C81}"
EndProject
Global
	GlobalSection(SolutionConfigurationPlatforms) = preSolution
		Debug|Any CPU = Debug|Any CPU
		Release|Any CPU = Release|Any CPU
	EndGlobalSection
	GlobalSection(ProjectConfigurationPlatforms) = postSolution
		{DEDC21E4-A21F-445E-BA01-9036BF854C81}.Debug|Any CPU.ActiveCfg = Debug|Any CPU
		{DEDC21E4-A21F-445E-BA01-9036BF854C81}.Debug|Any CPU.Build.0 = Debug|Any CPU
		{DEDC21E4-A21F-445E-BA01-9036BF854C81}.Release|Any CPU.ActiveCfg = Release|Any CPU
		{DEDC21E4-A21F-445E-BA01-9036BF854C81}.Release|Any CPU.Build.0 = Release|Any CPU
	EndGlobalSection
	GlobalSection(SolutionProperties) = preSolution
		HideSolutionNode = FALSE
	EndGlobalSection
	GlobalSection(ExtensibilityGlobals) = postSolution
		SolutionGuid = {2496D22F-BAD5-4A6D-AA89-0C52EE87D61B}
	EndGlobalSection
EndGlobal
